
Microsoft Visual Studio Solution File, Format Version 12.00
# Visual Studio 2013
VisualStudioVersion = 12.0.30723.0
MinimumVisualStudioVersion = 10.0.40219.1
Project("{2150E333-8FDC-42A3-9474-1A3956D46DE8}") = "Solution Items", "Solution Items", "{F3182701-D84B-4744-9EFC-3A1671504180}"
	ProjectSection(SolutionItems) = preProject
		.gitignore = .gitignore
		Package.nuspec = Package.nuspec
		README.md = README.md
	EndProjectSection
EndProject
Project("{FAE04EC0-301F-11D3-BF4B-00C04F79EFBC}") = "CW.IO.FilePath", "CW.IO.FilePath\CW.IO.FilePath.csproj", "{98428177-0BD1-4595-8C66-659EF82E27C7}"
EndProject
Project("{FAE04EC0-301F-11D3-BF4B-00C04F79EFBC}") = "CW.IO.FilePath.Test", "CW.IO.FilePath.Test\CW.IO.FilePath.Test.csproj", "{139B910E-BAE5-4800-B9C2-E7561AD54219}"
EndProject
Global
	GlobalSection(SolutionConfigurationPlatforms) = preSolution
		Debug|Any CPU = Debug|Any CPU
		Release|Any CPU = Release|Any CPU
	EndGlobalSection
	GlobalSection(ProjectConfigurationPlatforms) = postSolution
		{98428177-0BD1-4595-8C66-659EF82E27C7}.Debug|Any CPU.ActiveCfg = Debug|Any CPU
		{98428177-0BD1-4595-8C66-659EF82E27C7}.Debug|Any CPU.Build.0 = Debug|Any CPU
		{98428177-0BD1-4595-8C66-659EF82E27C7}.Release|Any CPU.ActiveCfg = Release|Any CPU
		{98428177-0BD1-4595-8C66-659EF82E27C7}.Release|Any CPU.Build.0 = Release|Any CPU
		{139B910E-BAE5-4800-B9C2-E7561AD54219}.Debug|Any CPU.ActiveCfg = Debug|Any CPU
		{139B910E-BAE5-4800-B9C2-E7561AD54219}.Debug|Any CPU.Build.0 = Debug|Any CPU
		{139B910E-BAE5-4800-B9C2-E7561AD54219}.Release|Any CPU.ActiveCfg = Release|Any CPU
		{139B910E-BAE5-4800-B9C2-E7561AD54219}.Release|Any CPU.Build.0 = Release|Any CPU
	EndGlobalSection
	GlobalSection(SolutionProperties) = preSolution
		HideSolutionNode = FALSE
	EndGlobalSection
EndGlobal
